{
  "name": "aynrandbot",
  "version": "1.0.0",
  "lockfileVersion": 2,
  "requires": true,
  "packages": {
    "": {
      "name": "aynrandbot",
      "version": "1.0.0",
      "license": "ISC",
      "dependencies": {
        "death": "^1.1.0",
        "dotenv": "^16.0.1",
        "lodash.chunk": "^4.2.0",
        "lodash.groupby": "^4.6.0",
        "lokijs": "^1.5.12",
        "telegraf": "^4.8.2"
      },
      "devDependencies": {
        "@types/death": "^1.1.2",
        "@types/lodash.chunk": "^4.2.7",
        "@types/lodash.groupby": "^4.6.7",
        "@types/lodash.maxby": "^4.6.7",
        "@types/lokijs": "^1.5.7",
        "@types/node": "^17.0.33",
        "groupby": "^0.1.1",
        "typescript": "^4.6.4"
      }
    },
    "node_modules/@types/death": {
      "version": "1.1.2",
      "resolved": "https://registry.npmjs.org/@types/death/-/death-1.1.2.tgz",
      "integrity": "sha512-Rr5NV/H/zj6zgbh6TCwMEe0NhCVS2QbAor0pikvzGx5fh+xsnmV3KUEq2Vb4vgi9ytBHorva+ryQmij2rrstTQ==",
      "dev": true
    },
    "node_modules/@types/lodash": {
      "version": "4.14.182",
      "resolved": "https://registry.npmjs.org/@types/lodash/-/lodash-4.14.182.tgz",
      "integrity": "sha512-/THyiqyQAP9AfARo4pF+aCGcyiQ94tX/Is2I7HofNRqoYLgN1PBoOWu2/zTA5zMxzP5EFutMtWtGAFRKUe961Q==",
      "dev": true
    },
    "node_modules/@types/lodash.chunk": {
      "version": "4.2.7",
      "resolved": "https://registry.npmjs.org/@types/lodash.chunk/-/lodash.chunk-4.2.7.tgz",
      "integrity": "sha512-//tmaWHiANgToom/YYYKKqiCtlNz11fwYtMUUbaemNSbWTI+2zHtYW5nt1PHNCRWHPAJHHhn4UVFD9LKUFvatA==",
      "dev": true,
      "dependencies": {
        "@types/lodash": "*"
      }
    },
    "node_modules/@types/lodash.groupby": {
      "version": "4.6.7",
      "resolved": "https://registry.npmjs.org/@types/lodash.groupby/-/lodash.groupby-4.6.7.tgz",
      "integrity": "sha512-dFUR1pqdMgjIBbgPJ/8axJX6M1C7zsL+HF4qdYMQeJ7XOp0Qbf37I3zh9gpXr/ks6tgEYPDRqyZRAnFYvewYHQ==",
      "dev": true,
      "dependencies": {
        "@types/lodash": "*"
      }
    },
    "node_modules/@types/lodash.maxby": {
      "version": "4.6.7",
      "resolved": "https://registry.npmjs.org/@types/lodash.maxby/-/lodash.maxby-4.6.7.tgz",
      "integrity": "sha512-IEAUqiNm6L+dKSAx1StBfl+EUT3kMoLKDslTOxzkTlb2HYldIqcQOgavuRdqlTI2yKzSVRZM2ZZbRvKuEpaQaQ==",
      "dev": true,
      "dependencies": {
        "@types/lodash": "*"
      }
    },
    "node_modules/@types/lokijs": {
      "version": "1.5.7",
      "resolved": "https://registry.npmjs.org/@types/lokijs/-/lokijs-1.5.7.tgz",
      "integrity": "sha512-WEFQLgO3u2Wa7yFybqkTZYumqF1GcHvUwx8Tv2SUHy2qpnIainMMoLmEUGdjhPNp/v5pyC9e91fSMC3mkxBIDw==",
      "dev": true
    },
    "node_modules/@types/node": {
      "version": "17.0.33",
      "resolved": "https://registry.npmjs.org/@types/node/-/node-17.0.33.tgz",
      "integrity": "sha512-miWq2m2FiQZmaHfdZNcbpp9PuXg34W5JZ5CrJ/BaS70VuhoJENBEQybeiYSaPBRNq6KQGnjfEnc/F3PN++D+XQ==",
      "dev": true
    },
    "node_modules/abort-controller": {
      "version": "3.0.0",
      "resolved": "https://registry.npmjs.org/abort-controller/-/abort-controller-3.0.0.tgz",
      "integrity": "sha512-h8lQ8tacZYnR3vNQTgibj+tODHI5/+l06Au2Pcriv/Gmet0eaj4TwWH41sO9wnHDiQsEj19q0drzdWdeAHtweg==",
      "dependencies": {
        "event-target-shim": "^5.0.0"
      },
      "engines": {
        "node": ">=6.5"
      }
    },
    "node_modules/buffer-alloc": {
      "version": "1.2.0",
      "resolved": "https://registry.npmjs.org/buffer-alloc/-/buffer-alloc-1.2.0.tgz",
      "integrity": "sha512-CFsHQgjtW1UChdXgbyJGtnm+O/uLQeZdtbDo8mfUgYXCHSM1wgrVxXm6bSyrUuErEb+4sYVGCzASBRot7zyrow==",
      "dependencies": {
        "buffer-alloc-unsafe": "^1.1.0",
        "buffer-fill": "^1.0.0"
      }
    },
    "node_modules/buffer-alloc-unsafe": {
      "version": "1.1.0",
      "resolved": "https://registry.npmjs.org/buffer-alloc-unsafe/-/buffer-alloc-unsafe-1.1.0.tgz",
      "integrity": "sha512-TEM2iMIEQdJ2yjPJoSIsldnleVaAk1oW3DBVUykyOLsEsFmEc9kn+SFFPz+gl54KQNxlDnAwCXosOS9Okx2xAg=="
    },
    "node_modules/buffer-fill": {
      "version": "1.0.0",
      "resolved": "https://registry.npmjs.org/buffer-fill/-/buffer-fill-1.0.0.tgz",
      "integrity": "sha1-+PeLdniYiO858gXNY39o5wISKyw="
    },
    "node_modules/death": {
      "version": "1.1.0",
      "resolved": "https://registry.npmjs.org/death/-/death-1.1.0.tgz",
      "integrity": "sha1-AaqcQB7dknUFFEcLgmY5DGbGcxg="
    },
    "node_modules/debug": {
      "version": "4.3.4",
      "resolved": "https://registry.npmjs.org/debug/-/debug-4.3.4.tgz",
      "integrity": "sha512-PRWFHuSU3eDtQJPvnNY7Jcket1j0t5OuOsFzPPzsekD52Zl8qUfFIPEiswXqIvHWGVHOgX+7G/vCNNhehwxfkQ==",
      "dependencies": {
        "ms": "2.1.2"
      },
      "engines": {
        "node": ">=6.0"
      },
      "peerDependenciesMeta": {
        "supports-color": {
          "optional": true
        }
      }
    },
    "node_modules/dotenv": {
      "version": "16.0.1",
      "resolved": "https://registry.npmjs.org/dotenv/-/dotenv-16.0.1.tgz",
      "integrity": "sha512-1K6hR6wtk2FviQ4kEiSjFiH5rpzEVi8WW0x96aztHVMhEspNpc4DVOUTEHtEva5VThQ8IaBX1Pe4gSzpVVUsKQ==",
      "engines": {
        "node": ">=12"
      }
    },
    "node_modules/event-target-shim": {
      "version": "5.0.1",
      "resolved": "https://registry.npmjs.org/event-target-shim/-/event-target-shim-5.0.1.tgz",
      "integrity": "sha512-i/2XbnSz/uxRCU6+NdVJgKWDTM427+MqYbkQzD321DuCQJUqOuJKIA0IM2+W2xtYHdKOmZ4dR6fExsd4SXL+WQ==",
      "engines": {
        "node": ">=6"
      }
    },
    "node_modules/groupby": {
      "version": "0.1.1",
      "resolved": "https://registry.npmjs.org/groupby/-/groupby-0.1.1.tgz",
      "integrity": "sha512-Pb5QZM0ucXOfHDPvLUVsTXtwHlTa/hi5qfeBBfzWZncK5Y44XYab2n/EoNVPNSo9mjEAyQ9TpDSF4cUTLroZSA==",
      "dev": true,
      "dependencies": {
        "object-assign": "^4.0.1",
        "object-nest": "^0.1.2"
      }
    },
    "node_modules/lodash._arraycopy": {
      "version": "3.0.0",
      "resolved": "https://registry.npmjs.org/lodash._arraycopy/-/lodash._arraycopy-3.0.0.tgz",
      "integrity": "sha512-RHShTDnPKP7aWxlvXKiDT6IX2jCs6YZLCtNhOru/OX2Q/tzX295vVBK5oX1ECtN+2r86S0Ogy8ykP1sgCZAN0A==",
      "dev": true
    },
    "node_modules/lodash._arrayeach": {
      "version": "3.0.0",
      "resolved": "https://registry.npmjs.org/lodash._arrayeach/-/lodash._arrayeach-3.0.0.tgz",
      "integrity": "sha512-Mn7HidOVcl3mkQtbPsuKR0Fj0N6Q6DQB77CtYncZcJc0bx5qv2q4Gl6a0LC1AN+GSxpnBDNnK3CKEm9XNA4zqQ==",
      "dev": true
    },
    "node_modules/lodash._baseassign": {
      "version": "3.2.0",
      "resolved": "https://registry.npmjs.org/lodash._baseassign/-/lodash._baseassign-3.2.0.tgz",
      "integrity": "sha512-t3N26QR2IdSN+gqSy9Ds9pBu/J1EAFEshKlUHpJG3rvyJOYgcELIxcIeKKfZk7sjOz11cFfzJRsyFry/JyabJQ==",
      "dev": true,
      "dependencies": {
        "lodash._basecopy": "^3.0.0",
        "lodash.keys": "^3.0.0"
      }
    },
    "node_modules/lodash._baseclone": {
      "version": "3.3.0",
      "resolved": "https://registry.npmjs.org/lodash._baseclone/-/lodash._baseclone-3.3.0.tgz",
      "integrity": "sha512-1K0dntf2dFQ5my0WoGKkduewR6+pTNaqX03kvs45y7G5bzl4B3kTR4hDfJIc2aCQDeLyQHhS280tc814m1QC1Q==",
      "dev": true,
      "dependencies": {
        "lodash._arraycopy": "^3.0.0",
        "lodash._arrayeach": "^3.0.0",
        "lodash._baseassign": "^3.0.0",
        "lodash._basefor": "^3.0.0",
        "lodash.isarray": "^3.0.0",
        "lodash.keys": "^3.0.0"
      }
    },
    "node_modules/lodash._basecopy": {
      "version": "3.0.1",
      "resolved": "https://registry.npmjs.org/lodash._basecopy/-/lodash._basecopy-3.0.1.tgz",
      "integrity": "sha512-rFR6Vpm4HeCK1WPGvjZSJ+7yik8d8PVUdCJx5rT2pogG4Ve/2ZS7kfmO5l5T2o5V2mqlNIfSF5MZlr1+xOoYQQ==",
      "dev": true
    },
    "node_modules/lodash._basefor": {
      "version": "3.0.3",
      "resolved": "https://registry.npmjs.org/lodash._basefor/-/lodash._basefor-3.0.3.tgz",
      "integrity": "sha512-6bc3b8grkpMgDcVJv9JYZAk/mHgcqMljzm7OsbmcE2FGUMmmLQTPHlh/dFqR8LA0GQ7z4K67JSotVKu5058v1A==",
      "dev": true
    },
    "node_modules/lodash._bindcallback": {
      "version": "3.0.1",
      "resolved": "https://registry.npmjs.org/lodash._bindcallback/-/lodash._bindcallback-3.0.1.tgz",
      "integrity": "sha512-2wlI0JRAGX8WEf4Gm1p/mv/SZ+jLijpj0jyaE/AXeuQphzCgD8ZQW4oSpoN8JAopujOFGU3KMuq7qfHBWlGpjQ==",
      "dev": true
    },
    "node_modules/lodash._getnative": {
      "version": "3.9.1",
      "resolved": "https://registry.npmjs.org/lodash._getnative/-/lodash._getnative-3.9.1.tgz",
      "integrity": "sha512-RrL9VxMEPyDMHOd9uFbvMe8X55X16/cGM5IgOKgRElQZutpX89iS6vwl64duTV1/16w5JY7tuFNXqoekmh1EmA==",
      "dev": true
    },
    "node_modules/lodash._isiterateecall": {
      "version": "3.0.9",
      "resolved": "https://registry.npmjs.org/lodash._isiterateecall/-/lodash._isiterateecall-3.0.9.tgz",
      "integrity": "sha512-De+ZbrMu6eThFti/CSzhRvTKMgQToLxbij58LMfM8JnYDNSOjkjTCIaa8ixglOeGh2nyPlakbt5bJWJ7gvpYlQ==",
      "dev": true
    },
    "node_modules/lodash.chunk": {
      "version": "4.2.0",
      "resolved": "https://registry.npmjs.org/lodash.chunk/-/lodash.chunk-4.2.0.tgz",
      "integrity": "sha512-ZzydJKfUHJwHa+hF5X66zLFCBrWn5GeF28OHEr4WVWtNDXlQ/IjWKPBiikqKo2ne0+v6JgCgJ0GzJp8k8bHC7w=="
    },
    "node_modules/lodash.clone": {
      "version": "3.0.3",
      "resolved": "https://registry.npmjs.org/lodash.clone/-/lodash.clone-3.0.3.tgz",
      "integrity": "sha512-yVYPpFTdZDCLG2p07gVRTvcwN5X04oj2hu4gG6r0fer58JA08wAVxXzWM+CmmxO2bzOH8u8BkZTZqgX6juVF7A==",
      "dev": true,
      "dependencies": {
        "lodash._baseclone": "^3.0.0",
        "lodash._bindcallback": "^3.0.0",
        "lodash._isiterateecall": "^3.0.0"
      }
    },
    "node_modules/lodash.groupby": {
      "version": "4.6.0",
      "resolved": "https://registry.npmjs.org/lodash.groupby/-/lodash.groupby-4.6.0.tgz",
      "integrity": "sha512-5dcWxm23+VAoz+awKmBaiBvzox8+RqMgFhi7UvX9DHZr2HdxHXM/Wrf8cfKpsW37RNrvtPn6hSwNqurSILbmJw=="
    },
    "node_modules/lodash.isarguments": {
      "version": "3.1.0",
      "resolved": "https://registry.npmjs.org/lodash.isarguments/-/lodash.isarguments-3.1.0.tgz",
      "integrity": "sha512-chi4NHZlZqZD18a0imDHnZPrDeBbTtVN7GXMwuGdRH9qotxAjYs3aVLKc7zNOG9eddR5Ksd8rvFEBc9SsggPpg==",
      "dev": true
    },
    "node_modules/lodash.isarray": {
      "version": "3.0.4",
      "resolved": "https://registry.npmjs.org/lodash.isarray/-/lodash.isarray-3.0.4.tgz",
      "integrity": "sha512-JwObCrNJuT0Nnbuecmqr5DgtuBppuCvGD9lxjFpAzwnVtdGoDQ1zig+5W8k5/6Gcn0gZ3936HDAlGd28i7sOGQ==",
      "dev": true
    },
    "node_modules/lodash.keys": {
      "version": "3.1.2",
      "resolved": "https://registry.npmjs.org/lodash.keys/-/lodash.keys-3.1.2.tgz",
      "integrity": "sha512-CuBsapFjcubOGMn3VD+24HOAPxM79tH+V6ivJL3CHYjtrawauDJHUk//Yew9Hvc6e9rbCrURGk8z6PC+8WJBfQ==",
      "dev": true,
      "dependencies": {
        "lodash._getnative": "^3.0.0",
        "lodash.isarguments": "^3.0.0",
        "lodash.isarray": "^3.0.0"
      }
    },
    "node_modules/lokijs": {
      "version": "1.5.12",
      "resolved": "https://registry.npmjs.org/lokijs/-/lokijs-1.5.12.tgz",
      "integrity": "sha512-Q5ALD6JiS6xAUWCwX3taQmgwxyveCtIIuL08+ml0nHwT3k0S/GIFJN+Hd38b1qYIMaE5X++iqsqWVksz7SYW+Q=="
    },
    "node_modules/minimist": {
      "version": "1.2.6",
      "resolved": "https://registry.npmjs.org/minimist/-/minimist-1.2.6.tgz",
      "integrity": "sha512-Jsjnk4bw3YJqYzbdyBiNsPWHPfO++UGG749Cxs6peCu5Xg4nrena6OVxOYxrQTqww0Jmwt+Ref8rggumkTLz9Q=="
    },
    "node_modules/module-alias": {
      "version": "2.2.2",
      "resolved": "https://registry.npmjs.org/module-alias/-/module-alias-2.2.2.tgz",
      "integrity": "sha512-A/78XjoX2EmNvppVWEhM2oGk3x4lLxnkEA4jTbaK97QKSDjkIoOsKQlfylt/d3kKKi596Qy3NP5XrXJ6fZIC9Q=="
    },
    "node_modules/ms": {
      "version": "2.1.2",
      "resolved": "https://registry.npmjs.org/ms/-/ms-2.1.2.tgz",
      "integrity": "sha512-sGkPx+VjMtmA6MX27oA4FBFELFCZZ4S4XqeGOXCv68tT+jb3vk/RyaKWP0PTKyWtmLSM0b+adUTEvbs1PEaH2w=="
    },
    "node_modules/node-fetch": {
      "version": "2.6.7",
      "resolved": "https://registry.npmjs.org/node-fetch/-/node-fetch-2.6.7.tgz",
      "integrity": "sha512-ZjMPFEfVx5j+y2yF35Kzx5sF7kDzxuDj6ziH4FFbOp87zKDZNx8yExJIb05OGF4Nlt9IHFIMBkRl41VdvcNdbQ==",
      "dependencies": {
        "whatwg-url": "^5.0.0"
      },
      "engines": {
        "node": "4.x || >=6.0.0"
      },
      "peerDependencies": {
        "encoding": "^0.1.0"
      },
      "peerDependenciesMeta": {
        "encoding": {
          "optional": true
        }
      }
    },
    "node_modules/object-assign": {
      "version": "4.1.1",
      "resolved": "https://registry.npmjs.org/object-assign/-/object-assign-4.1.1.tgz",
      "integrity": "sha512-rJgTQnkUnH1sFw8yT6VSU3zD3sWmu6sZhIseY8VX+GRu3P6F7Fu+JNDoXfklElbLJSnc3FUQHVe4cU5hj+BcUg==",
      "dev": true,
      "engines": {
        "node": ">=0.10.0"
      }
    },
    "node_modules/object-nest": {
      "version": "0.1.2",
      "resolved": "https://registry.npmjs.org/object-nest/-/object-nest-0.1.2.tgz",
      "integrity": "sha512-HIyq69kAisp1o/uTtg9HAQgNHbVONEexHNMOWht51q+hsZFTDeg8W5EKwx2/SJtgfbPp9hvfRkjT8lQ+Gbg2Rg==",
      "dev": true,
      "dependencies": {
        "lodash.clone": "^3.0.3"
      }
    },
    "node_modules/p-timeout": {
      "version": "4.1.0",
      "resolved": "https://registry.npmjs.org/p-timeout/-/p-timeout-4.1.0.tgz",
      "integrity": "sha512-+/wmHtzJuWii1sXn3HCuH/FTwGhrp4tmJTxSKJbfS+vkipci6osxXM5mY0jUiRzWKMTgUT8l7HFbeSwZAynqHw==",
      "engines": {
        "node": ">=10"
      }
    },
    "node_modules/safe-compare": {
      "version": "1.1.4",
      "resolved": "https://registry.npmjs.org/safe-compare/-/safe-compare-1.1.4.tgz",
      "integrity": "sha512-b9wZ986HHCo/HbKrRpBJb2kqXMK9CEWIE1egeEvZsYn69ay3kdfl9nG3RyOcR+jInTDf7a86WQ1d4VJX7goSSQ==",
      "dependencies": {
        "buffer-alloc": "^1.2.0"
      }
    },
    "node_modules/sandwich-stream": {
      "version": "2.0.2",
      "resolved": "https://registry.npmjs.org/sandwich-stream/-/sandwich-stream-2.0.2.tgz",
      "integrity": "sha512-jLYV0DORrzY3xaz/S9ydJL6Iz7essZeAfnAavsJ+zsJGZ1MOnsS52yRjU3uF3pJa/lla7+wisp//fxOwOH8SKQ==",
      "engines": {
        "node": ">= 0.10"
      }
    },
    "node_modules/telegraf": {
      "version": "4.8.2",
      "resolved": "https://registry.npmjs.org/telegraf/-/telegraf-4.8.2.tgz",
      "integrity": "sha512-FFxdhFVnoAzxK6x6980rDPqadLI6AWjKhYe/dwkzd29+hmzVPzOQBKRujjkv4iVIfIJGt2QbuNtJUBukdDwBLg==",
      "dependencies": {
        "abort-controller": "^3.0.0",
        "debug": "^4.3.3",
        "minimist": "^1.2.6",
        "module-alias": "^2.2.2",
        "node-fetch": "^2.6.7",
        "p-timeout": "^4.1.0",
        "safe-compare": "^1.1.4",
        "sandwich-stream": "^2.0.2",
        "typegram": "^3.9.0"
      },
      "bin": {
        "telegraf": "bin/telegraf"
      },
      "engines": {
        "node": "^12.20.0 || >=14.13.1"
      }
    },
    "node_modules/tr46": {
      "version": "0.0.3",
      "resolved": "https://registry.npmjs.org/tr46/-/tr46-0.0.3.tgz",
      "integrity": "sha1-gYT9NH2snNwYWZLzpmIuFLnZq2o="
    },
    "node_modules/typegram": {
      "version": "3.9.1",
      "resolved": "https://registry.npmjs.org/typegram/-/typegram-3.9.1.tgz",
      "integrity": "sha512-vfFr2o0iX+amnUj1h/0c49y8bCvGwt6DgdmTVD732Kf81XG26vgFwNWj+33Ol+xORC7m0cqU2hPYGRtcGinwZg=="
    },
    "node_modules/typescript": {
      "version": "4.6.4",
      "resolved": "https://registry.npmjs.org/typescript/-/typescript-4.6.4.tgz",
      "integrity": "sha512-9ia/jWHIEbo49HfjrLGfKbZSuWo9iTMwXO+Ca3pRsSpbsMbc7/IU8NKdCZVRRBafVPGnoJeFL76ZOAA84I9fEg==",
      "dev": true,
      "bin": {
        "tsc": "bin/tsc",
        "tsserver": "bin/tsserver"
      },
      "engines": {
        "node": ">=4.2.0"
      }
    },
    "node_modules/webidl-conversions": {
      "version": "3.0.1",
      "resolved": "https://registry.npmjs.org/webidl-conversions/-/webidl-conversions-3.0.1.tgz",
      "integrity": "sha1-JFNCdeKnvGvnvIZhHMFq4KVlSHE="
    },
    "node_modules/whatwg-url": {
      "version": "5.0.0",
      "resolved": "https://registry.npmjs.org/whatwg-url/-/whatwg-url-5.0.0.tgz",
      "integrity": "sha1-lmRU6HZUYuN2RNNib2dCzotwll0=",
      "dependencies": {
        "tr46": "~0.0.3",
        "webidl-conversions": "^3.0.0"
      }
    }
  },
  "dependencies": {
    "@types/death": {
      "version": "1.1.2",
      "resolved": "https://registry.npmjs.org/@types/death/-/death-1.1.2.tgz",
      "integrity": "sha512-Rr5NV/H/zj6zgbh6TCwMEe0NhCVS2QbAor0pikvzGx5fh+xsnmV3KUEq2Vb4vgi9ytBHorva+ryQmij2rrstTQ==",
      "dev": true
    },
    "@types/lodash": {
      "version": "4.14.182",
      "resolved": "https://registry.npmjs.org/@types/lodash/-/lodash-4.14.182.tgz",
      "integrity": "sha512-/THyiqyQAP9AfARo4pF+aCGcyiQ94tX/Is2I7HofNRqoYLgN1PBoOWu2/zTA5zMxzP5EFutMtWtGAFRKUe961Q==",
      "dev": true
    },
    "@types/lodash.chunk": {
      "version": "4.2.7",
      "resolved": "https://registry.npmjs.org/@types/lodash.chunk/-/lodash.chunk-4.2.7.tgz",
      "integrity": "sha512-//tmaWHiANgToom/YYYKKqiCtlNz11fwYtMUUbaemNSbWTI+2zHtYW5nt1PHNCRWHPAJHHhn4UVFD9LKUFvatA==",
      "dev": true,
      "requires": {
        "@types/lodash": "*"
      }
    },
    "@types/lodash.groupby": {
      "version": "4.6.7",
      "resolved": "https://registry.npmjs.org/@types/lodash.groupby/-/lodash.groupby-4.6.7.tgz",
      "integrity": "sha512-dFUR1pqdMgjIBbgPJ/8axJX6M1C7zsL+HF4qdYMQeJ7XOp0Qbf37I3zh9gpXr/ks6tgEYPDRqyZRAnFYvewYHQ==",
      "dev": true,
      "requires": {
        "@types/lodash": "*"
      }
    },
    "@types/lodash.maxby": {
      "version": "4.6.7",
      "resolved": "https://registry.npmjs.org/@types/lodash.maxby/-/lodash.maxby-4.6.7.tgz",
      "integrity": "sha512-IEAUqiNm6L+dKSAx1StBfl+EUT3kMoLKDslTOxzkTlb2HYldIqcQOgavuRdqlTI2yKzSVRZM2ZZbRvKuEpaQaQ==",
      "dev": true,
      "requires": {
        "@types/lodash": "*"
      }
    },
    "@types/lokijs": {
      "version": "1.5.7",
      "resolved": "https://registry.npmjs.org/@types/lokijs/-/lokijs-1.5.7.tgz",
      "integrity": "sha512-WEFQLgO3u2Wa7yFybqkTZYumqF1GcHvUwx8Tv2SUHy2qpnIainMMoLmEUGdjhPNp/v5pyC9e91fSMC3mkxBIDw==",
      "dev": true
    },
    "@types/node": {
      "version": "17.0.33",
      "resolved": "https://registry.npmjs.org/@types/node/-/node-17.0.33.tgz",
      "integrity": "sha512-miWq2m2FiQZmaHfdZNcbpp9PuXg34W5JZ5CrJ/BaS70VuhoJENBEQybeiYSaPBRNq6KQGnjfEnc/F3PN++D+XQ==",
      "dev": true
    },
    "abort-controller": {
      "version": "3.0.0",
      "resolved": "https://registry.npmjs.org/abort-controller/-/abort-controller-3.0.0.tgz",
      "integrity": "sha512-h8lQ8tacZYnR3vNQTgibj+tODHI5/+l06Au2Pcriv/Gmet0eaj4TwWH41sO9wnHDiQsEj19q0drzdWdeAHtweg==",
      "requires": {
        "event-target-shim": "^5.0.0"
      }
    },
    "buffer-alloc": {
      "version": "1.2.0",
      "resolved": "https://registry.npmjs.org/buffer-alloc/-/buffer-alloc-1.2.0.tgz",
      "integrity": "sha512-CFsHQgjtW1UChdXgbyJGtnm+O/uLQeZdtbDo8mfUgYXCHSM1wgrVxXm6bSyrUuErEb+4sYVGCzASBRot7zyrow==",
      "requires": {
        "buffer-alloc-unsafe": "^1.1.0",
        "buffer-fill": "^1.0.0"
      }
    },
    "buffer-alloc-unsafe": {
      "version": "1.1.0",
      "resolved": "https://registry.npmjs.org/buffer-alloc-unsafe/-/buffer-alloc-unsafe-1.1.0.tgz",
      "integrity": "sha512-TEM2iMIEQdJ2yjPJoSIsldnleVaAk1oW3DBVUykyOLsEsFmEc9kn+SFFPz+gl54KQNxlDnAwCXosOS9Okx2xAg=="
    },
    "buffer-fill": {
      "version": "1.0.0",
      "resolved": "https://registry.npmjs.org/buffer-fill/-/buffer-fill-1.0.0.tgz",
      "integrity": "sha1-+PeLdniYiO858gXNY39o5wISKyw="
    },
    "death": {
      "version": "1.1.0",
      "resolved": "https://registry.npmjs.org/death/-/death-1.1.0.tgz",
      "integrity": "sha1-AaqcQB7dknUFFEcLgmY5DGbGcxg="
    },
    "debug": {
      "version": "4.3.4",
      "resolved": "https://registry.npmjs.org/debug/-/debug-4.3.4.tgz",
      "integrity": "sha512-PRWFHuSU3eDtQJPvnNY7Jcket1j0t5OuOsFzPPzsekD52Zl8qUfFIPEiswXqIvHWGVHOgX+7G/vCNNhehwxfkQ==",
      "requires": {
        "ms": "2.1.2"
      }
    },
    "dotenv": {
      "version": "16.0.1",
      "resolved": "https://registry.npmjs.org/dotenv/-/dotenv-16.0.1.tgz",
      "integrity": "sha512-1K6hR6wtk2FviQ4kEiSjFiH5rpzEVi8WW0x96aztHVMhEspNpc4DVOUTEHtEva5VThQ8IaBX1Pe4gSzpVVUsKQ=="
    },
    "event-target-shim": {
      "version": "5.0.1",
      "resolved": "https://registry.npmjs.org/event-target-shim/-/event-target-shim-5.0.1.tgz",
      "integrity": "sha512-i/2XbnSz/uxRCU6+NdVJgKWDTM427+MqYbkQzD321DuCQJUqOuJKIA0IM2+W2xtYHdKOmZ4dR6fExsd4SXL+WQ=="
    },
    "groupby": {
      "version": "0.1.1",
      "resolved": "https://registry.npmjs.org/groupby/-/groupby-0.1.1.tgz",
      "integrity": "sha512-Pb5QZM0ucXOfHDPvLUVsTXtwHlTa/hi5qfeBBfzWZncK5Y44XYab2n/EoNVPNSo9mjEAyQ9TpDSF4cUTLroZSA==",
      "dev": true,
      "requires": {
        "object-assign": "^4.0.1",
        "object-nest": "^0.1.2"
      }
    },
    "lodash._arraycopy": {
      "version": "3.0.0",
      "resolved": "https://registry.npmjs.org/lodash._arraycopy/-/lodash._arraycopy-3.0.0.tgz",
      "integrity": "sha512-RHShTDnPKP7aWxlvXKiDT6IX2jCs6YZLCtNhOru/OX2Q/tzX295vVBK5oX1ECtN+2r86S0Ogy8ykP1sgCZAN0A==",
      "dev": true
    },
    "lodash._arrayeach": {
      "version": "3.0.0",
      "resolved": "https://registry.npmjs.org/lodash._arrayeach/-/lodash._arrayeach-3.0.0.tgz",
      "integrity": "sha512-Mn7HidOVcl3mkQtbPsuKR0Fj0N6Q6DQB77CtYncZcJc0bx5qv2q4Gl6a0LC1AN+GSxpnBDNnK3CKEm9XNA4zqQ==",
      "dev": true
    },
    "lodash._baseassign": {
      "version": "3.2.0",
      "resolved": "https://registry.npmjs.org/lodash._baseassign/-/lodash._baseassign-3.2.0.tgz",
      "integrity": "sha512-t3N26QR2IdSN+gqSy9Ds9pBu/J1EAFEshKlUHpJG3rvyJOYgcELIxcIeKKfZk7sjOz11cFfzJRsyFry/JyabJQ==",
      "dev": true,
      "requires": {
        "lodash._basecopy": "^3.0.0",
        "lodash.keys": "^3.0.0"
      }
    },
    "lodash._baseclone": {
      "version": "3.3.0",
      "resolved": "https://registry.npmjs.org/lodash._baseclone/-/lodash._baseclone-3.3.0.tgz",
      "integrity": "sha512-1K0dntf2dFQ5my0WoGKkduewR6+pTNaqX03kvs45y7G5bzl4B3kTR4hDfJIc2aCQDeLyQHhS280tc814m1QC1Q==",
      "dev": true,
      "requires": {
        "lodash._arraycopy": "^3.0.0",
        "lodash._arrayeach": "^3.0.0",
        "lodash._baseassign": "^3.0.0",
        "lodash._basefor": "^3.0.0",
        "lodash.isarray": "^3.0.0",
        "lodash.keys": "^3.0.0"
      }
    },
    "lodash._basecopy": {
      "version": "3.0.1",
      "resolved": "https://registry.npmjs.org/lodash._basecopy/-/lodash._basecopy-3.0.1.tgz",
      "integrity": "sha512-rFR6Vpm4HeCK1WPGvjZSJ+7yik8d8PVUdCJx5rT2pogG4Ve/2ZS7kfmO5l5T2o5V2mqlNIfSF5MZlr1+xOoYQQ==",
      "dev": true
    },
    "lodash._basefor": {
      "version": "3.0.3",
      "resolved": "https://registry.npmjs.org/lodash._basefor/-/lodash._basefor-3.0.3.tgz",
      "integrity": "sha512-6bc3b8grkpMgDcVJv9JYZAk/mHgcqMljzm7OsbmcE2FGUMmmLQTPHlh/dFqR8LA0GQ7z4K67JSotVKu5058v1A==",
      "dev": true
    },
    "lodash._bindcallback": {
      "version": "3.0.1",
      "resolved": "https://registry.npmjs.org/lodash._bindcallback/-/lodash._bindcallback-3.0.1.tgz",
      "integrity": "sha512-2wlI0JRAGX8WEf4Gm1p/mv/SZ+jLijpj0jyaE/AXeuQphzCgD8ZQW4oSpoN8JAopujOFGU3KMuq7qfHBWlGpjQ==",
      "dev": true
    },
    "lodash._getnative": {
      "version": "3.9.1",
      "resolved": "https://registry.npmjs.org/lodash._getnative/-/lodash._getnative-3.9.1.tgz",
      "integrity": "sha512-RrL9VxMEPyDMHOd9uFbvMe8X55X16/cGM5IgOKgRElQZutpX89iS6vwl64duTV1/16w5JY7tuFNXqoekmh1EmA==",
      "dev": true
    },
    "lodash._isiterateecall": {
      "version": "3.0.9",
      "resolved": "https://registry.npmjs.org/lodash._isiterateecall/-/lodash._isiterateecall-3.0.9.tgz",
      "integrity": "sha512-De+ZbrMu6eThFti/CSzhRvTKMgQToLxbij58LMfM8JnYDNSOjkjTCIaa8ixglOeGh2nyPlakbt5bJWJ7gvpYlQ==",
      "dev": true
    },
    "lodash.chunk": {
      "version": "4.2.0",
      "resolved": "https://registry.npmjs.org/lodash.chunk/-/lodash.chunk-4.2.0.tgz",
      "integrity": "sha512-ZzydJKfUHJwHa+hF5X66zLFCBrWn5GeF28OHEr4WVWtNDXlQ/IjWKPBiikqKo2ne0+v6JgCgJ0GzJp8k8bHC7w=="
    },
    "lodash.clone": {
      "version": "3.0.3",
      "resolved": "https://registry.npmjs.org/lodash.clone/-/lodash.clone-3.0.3.tgz",
      "integrity": "sha512-yVYPpFTdZDCLG2p07gVRTvcwN5X04oj2hu4gG6r0fer58JA08wAVxXzWM+CmmxO2bzOH8u8BkZTZqgX6juVF7A==",
      "dev": true,
      "requires": {
        "lodash._baseclone": "^3.0.0",
        "lodash._bindcallback": "^3.0.0",
        "lodash._isiterateecall": "^3.0.0"
      }
    },
    "lodash.groupby": {
      "version": "4.6.0",
      "resolved": "https://registry.npmjs.org/lodash.groupby/-/lodash.groupby-4.6.0.tgz",
      "integrity": "sha512-5dcWxm23+VAoz+awKmBaiBvzox8+RqMgFhi7UvX9DHZr2HdxHXM/Wrf8cfKpsW37RNrvtPn6hSwNqurSILbmJw=="
    },
    "lodash.isarguments": {
      "version": "3.1.0",
      "resolved": "https://registry.npmjs.org/lodash.isarguments/-/lodash.isarguments-3.1.0.tgz",
      "integrity": "sha512-chi4NHZlZqZD18a0imDHnZPrDeBbTtVN7GXMwuGdRH9qotxAjYs3aVLKc7zNOG9eddR5Ksd8rvFEBc9SsggPpg==",
      "dev": true
    },
    "lodash.isarray": {
      "version": "3.0.4",
      "resolved": "https://registry.npmjs.org/lodash.isarray/-/lodash.isarray-3.0.4.tgz",
      "integrity": "sha512-JwObCrNJuT0Nnbuecmqr5DgtuBppuCvGD9lxjFpAzwnVtdGoDQ1zig+5W8k5/6Gcn0gZ3936HDAlGd28i7sOGQ==",
      "dev": true
    },
    "lodash.keys": {
      "version": "3.1.2",
      "resolved": "https://registry.npmjs.org/lodash.keys/-/lodash.keys-3.1.2.tgz",
      "integrity": "sha512-CuBsapFjcubOGMn3VD+24HOAPxM79tH+V6ivJL3CHYjtrawauDJHUk//Yew9Hvc6e9rbCrURGk8z6PC+8WJBfQ==",
      "dev": true,
      "requires": {
        "lodash._getnative": "^3.0.0",
        "lodash.isarguments": "^3.0.0",
        "lodash.isarray": "^3.0.0"
      }
    },
    "lokijs": {
      "version": "1.5.12",
      "resolved": "https://registry.npmjs.org/lokijs/-/lokijs-1.5.12.tgz",
      "integrity": "sha512-Q5ALD6JiS6xAUWCwX3taQmgwxyveCtIIuL08+ml0nHwT3k0S/GIFJN+Hd38b1qYIMaE5X++iqsqWVksz7SYW+Q=="
    },
    "minimist": {
      "version": "1.2.6",
      "resolved": "https://registry.npmjs.org/minimist/-/minimist-1.2.6.tgz",
      "integrity": "sha512-Jsjnk4bw3YJqYzbdyBiNsPWHPfO++UGG749Cxs6peCu5Xg4nrena6OVxOYxrQTqww0Jmwt+Ref8rggumkTLz9Q=="
    },
    "module-alias": {
      "version": "2.2.2",
      "resolved": "https://registry.npmjs.org/module-alias/-/module-alias-2.2.2.tgz",
      "integrity": "sha512-A/78XjoX2EmNvppVWEhM2oGk3x4lLxnkEA4jTbaK97QKSDjkIoOsKQlfylt/d3kKKi596Qy3NP5XrXJ6fZIC9Q=="
    },
    "ms": {
      "version": "2.1.2",
      "resolved": "https://registry.npmjs.org/ms/-/ms-2.1.2.tgz",
      "integrity": "sha512-sGkPx+VjMtmA6MX27oA4FBFELFCZZ4S4XqeGOXCv68tT+jb3vk/RyaKWP0PTKyWtmLSM0b+adUTEvbs1PEaH2w=="
    },
    "node-fetch": {
      "version": "2.6.7",
      "resolved": "https://registry.npmjs.org/node-fetch/-/node-fetch-2.6.7.tgz",
      "integrity": "sha512-ZjMPFEfVx5j+y2yF35Kzx5sF7kDzxuDj6ziH4FFbOp87zKDZNx8yExJIb05OGF4Nlt9IHFIMBkRl41VdvcNdbQ==",
      "requires": {
        "whatwg-url": "^5.0.0"
      }
    },
    "object-assign": {
      "version": "4.1.1",
      "resolved": "https://registry.npmjs.org/object-assign/-/object-assign-4.1.1.tgz",
      "integrity": "sha512-rJgTQnkUnH1sFw8yT6VSU3zD3sWmu6sZhIseY8VX+GRu3P6F7Fu+JNDoXfklElbLJSnc3FUQHVe4cU5hj+BcUg==",
      "dev": true
    },
    "object-nest": {
      "version": "0.1.2",
      "resolved": "https://registry.npmjs.org/object-nest/-/object-nest-0.1.2.tgz",
      "integrity": "sha512-HIyq69kAisp1o/uTtg9HAQgNHbVONEexHNMOWht51q+hsZFTDeg8W5EKwx2/SJtgfbPp9hvfRkjT8lQ+Gbg2Rg==",
      "dev": true,
      "requires": {
        "lodash.clone": "^3.0.3"
      }
    },
    "p-timeout": {
      "version": "4.1.0",
      "resolved": "https://registry.npmjs.org/p-timeout/-/p-timeout-4.1.0.tgz",
      "integrity": "sha512-+/wmHtzJuWii1sXn3HCuH/FTwGhrp4tmJTxSKJbfS+vkipci6osxXM5mY0jUiRzWKMTgUT8l7HFbeSwZAynqHw=="
    },
    "safe-compare": {
      "version": "1.1.4",
      "resolved": "https://registry.npmjs.org/safe-compare/-/safe-compare-1.1.4.tgz",
      "integrity": "sha512-b9wZ986HHCo/HbKrRpBJb2kqXMK9CEWIE1egeEvZsYn69ay3kdfl9nG3RyOcR+jInTDf7a86WQ1d4VJX7goSSQ==",
      "requires": {
        "buffer-alloc": "^1.2.0"
      }
    },
    "sandwich-stream": {
      "version": "2.0.2",
      "resolved": "https://registry.npmjs.org/sandwich-stream/-/sandwich-stream-2.0.2.tgz",
      "integrity": "sha512-jLYV0DORrzY3xaz/S9ydJL6Iz7essZeAfnAavsJ+zsJGZ1MOnsS52yRjU3uF3pJa/lla7+wisp//fxOwOH8SKQ=="
    },
    "telegraf": {
      "version": "4.8.2",
      "resolved": "https://registry.npmjs.org/telegraf/-/telegraf-4.8.2.tgz",
      "integrity": "sha512-FFxdhFVnoAzxK6x6980rDPqadLI6AWjKhYe/dwkzd29+hmzVPzOQBKRujjkv4iVIfIJGt2QbuNtJUBukdDwBLg==",
      "requires": {
        "abort-controller": "^3.0.0",
        "debug": "^4.3.3",
        "minimist": "^1.2.6",
        "module-alias": "^2.2.2",
        "node-fetch": "^2.6.7",
        "p-timeout": "^4.1.0",
        "safe-compare": "^1.1.4",
        "sandwich-stream": "^2.0.2",
        "typegram": "^3.9.0"
      }
    },
    "tr46": {
      "version": "0.0.3",
      "resolved": "https://registry.npmjs.org/tr46/-/tr46-0.0.3.tgz",
      "integrity": "sha1-gYT9NH2snNwYWZLzpmIuFLnZq2o="
    },
    "typegram": {
      "version": "3.9.1",
      "resolved": "https://registry.npmjs.org/typegram/-/typegram-3.9.1.tgz",
      "integrity": "sha512-vfFr2o0iX+amnUj1h/0c49y8bCvGwt6DgdmTVD732Kf81XG26vgFwNWj+33Ol+xORC7m0cqU2hPYGRtcGinwZg=="
    },
    "typescript": {
      "version": "4.6.4",
      "resolved": "https://registry.npmjs.org/typescript/-/typescript-4.6.4.tgz",
      "integrity": "sha512-9ia/jWHIEbo49HfjrLGfKbZSuWo9iTMwXO+Ca3pRsSpbsMbc7/IU8NKdCZVRRBafVPGnoJeFL76ZOAA84I9fEg==",
      "dev": true
    },
    "webidl-conversions": {
      "version": "3.0.1",
      "resolved": "https://registry.npmjs.org/webidl-conversions/-/webidl-conversions-3.0.1.tgz",
      "integrity": "sha1-JFNCdeKnvGvnvIZhHMFq4KVlSHE="
    },
    "whatwg-url": {
      "version": "5.0.0",
      "resolved": "https://registry.npmjs.org/whatwg-url/-/whatwg-url-5.0.0.tgz",
      "integrity": "sha1-lmRU6HZUYuN2RNNib2dCzotwll0=",
      "requires": {
        "tr46": "~0.0.3",
        "webidl-conversions": "^3.0.0"
      }
    }
  }
}
